
Microsoft Visual Studio Solution File, Format Version 12.00
# Visual Studio Version 17
VisualStudioVersion = 17.8.34330.188
MinimumVisualStudioVersion = 10.0.40219.1
Project("{FAE04EC0-301F-11D3-BF4B-00C04F79EFBC}") = "AdventOfCodeDay1", "AdventOfCodeDay1.csproj", "{174FD233-212A-4903-8790-31854613BD7B}"
EndProject
Global
	GlobalSection(SolutionConfigurationPlatforms) = preSolution
		Debug|Any CPU = Debug|Any CPU
		Release|Any CPU = Release|Any CPU
	EndGlobalSection
	GlobalSection(ProjectConfigurationPlatforms) = postSolution
		{174FD233-212A-4903-8790-31854613BD7B}.Debug|Any CPU.ActiveCfg = Debug|Any CPU
		{174FD233-212A-4903-8790-31854613BD7B}.Debug|Any CPU.Build.0 = Debug|Any CPU
		{174FD233-212A-4903-8790-31854613BD7B}.Release|Any CPU.ActiveCfg = Release|Any CPU
		{174FD233-212A-4903-8790-31854613BD7B}.Release|Any CPU.Build.0 = Release|Any CPU
	EndGlobalSection
	GlobalSection(SolutionProperties) = preSolution
		HideSolutionNode = FALSE
	EndGlobalSection
	GlobalSection(ExtensibilityGlobals) = postSolution
		SolutionGuid = {2480806B-CDCA-4278-A8D6-EBC56041C75C}
	EndGlobalSection
EndGlobal
